{
  "name": "dashboard",
  "version": "1.0.0",
  "lockfileVersion": 2,
  "requires": true,
  "packages": {
    "": {
      "name": "dashboard",
      "version": "1.0.0",
      "license": "ISC",
      "dependencies": {
        "@babel/polyfill": "^7.12.1",
        "aphrodite": "^2.4.0",
        "prop-types": "^15.7.2",
        "react": "^17.0.2",
        "react-dom": "^17.0.2"
      },
      "devDependencies": {
        "@babel/core": "^7.14.6",
        "@babel/preset-env": "^7.14.7",
        "@babel/preset-react": "^7.14.5",
        "@types/jest": "^26.0.23",
        "babel-jest": "^27.0.6",
        "babel-loader": "^8.2.2",
        "css-loader": "^5.2.6",
        "enzyme": "^3.11.0",
        "enzyme-adapter-react-16": "^1.15.6",
        "enzyme-adapter-react-17-updated": "^1.0.2",
        "file-loader": "^6.2.0",
        "html-webpack-plugin": "^5.3.2",
        "image-webpack-loader": "^7.0.1",
        "jest": "^27.0.6",
        "style-loader": "^3.0.0",
        "webpack": "^5.41.1",
        "webpack-cli": "^4.7.2",
        "webpack-dev-server": "^3.11.2"
      }
    },
    "node_modules/@babel/code-frame": {
      "version": "7.16.7",
      "resolved": "https://registry.npmjs.org/@babel/code-frame/-/code-frame-7.16.7.tgz",
      "integrity": "sha512-iAXqUn8IIeBTNd72xsFlgaXHkMBMt6y4HJp1tIaK465CWLT/fG1aqB7ykr95gHHmlBdGbFeWWfyB4NJJ0nmeIg==",
      "dev": true,
      "dependencies": {
        "@babel/highlight": "^7.16.7"
      },
      "engines": {
        "node": ">=6.9.0"
      }
    },
    "node_modules/@babel/compat-data": {
      "version": "7.16.8",
      "resolved": "https://registry.npmjs.org/@babel/compat-data/-/compat-data-7.16.8.tgz",
      "integrity": "sha512-m7OkX0IdKLKPpBlJtF561YJal5y/jyI5fNfWbPxh2D/nbzzGI4qRyrD8xO2jB24u7l+5I2a43scCG2IrfjC50Q==",
